
Microsoft Visual Studio Solution File, Format Version 12.00
# Visual Studio 15
VisualStudioVersion = 15.0.26124.0
MinimumVisualStudioVersion = 15.0.26124.0
Project("{2150E333-8FDC-42A3-9474-1A3956D46DE8}") = "src", "src", "{7C314080-E9E2-43AE-A8D2-40A2921B1197}"
EndProject
Project("{FAE04EC0-301F-11D3-BF4B-00C04F79EFBC}") = "DevIO.Api", "src\DevIO.Api\DevIO.Api.csproj", "{A85D00E3-D4F7-4C29-A926-4A4CDEB9E5F6}"
EndProject
Project("{FAE04EC0-301F-11D3-BF4B-00C04F79EFBC}") = "DevIO.Business", "src\DevIO.Business\DevIO.Business.csproj", "{F2B3BA70-60A5-4C31-8811-C8A403C71836}"
EndProject
Project("{FAE04EC0-301F-11D3-BF4B-00C04F79EFBC}") = "DevIO.Data", "src\DevIO.Data\DevIO.Data.csproj", "{804BAC32-C79E-44BC-A88D-396B77225E99}"
EndProject
Global
	GlobalSection(SolutionConfigurationPlatforms) = preSolution
		Debug|Any CPU = Debug|Any CPU
		Debug|x64 = Debug|x64
		Debug|x86 = Debug|x86
		Release|Any CPU = Release|Any CPU
		Release|x64 = Release|x64
		Release|x86 = Release|x86
	EndGlobalSection
	GlobalSection(SolutionProperties) = preSolution
		HideSolutionNode = FALSE
	EndGlobalSection
	GlobalSection(ProjectConfigurationPlatforms) = postSolution
		{A85D00E3-D4F7-4C29-A926-4A4CDEB9E5F6}.Debug|Any CPU.ActiveCfg = Debug|Any CPU
		{A85D00E3-D4F7-4C29-A926-4A4CDEB9E5F6}.Debug|Any CPU.Build.0 = Debug|Any CPU
		{A85D00E3-D4F7-4C29-A926-4A4CDEB9E5F6}.Debug|x64.ActiveCfg = Debug|Any CPU
		{A85D00E3-D4F7-4C29-A926-4A4CDEB9E5F6}.Debug|x64.Build.0 = Debug|Any CPU
		{A85D00E3-D4F7-4C29-A926-4A4CDEB9E5F6}.Debug|x86.ActiveCfg = Debug|Any CPU
		{A85D00E3-D4F7-4C29-A926-4A4CDEB9E5F6}.Debug|x86.Build.0 = Debug|Any CPU
		{A85D00E3-D4F7-4C29-A926-4A4CDEB9E5F6}.Release|Any CPU.ActiveCfg = Release|Any CPU
		{A85D00E3-D4F7-4C29-A926-4A4CDEB9E5F6}.Release|Any CPU.Build.0 = Release|Any CPU
		{A85D00E3-D4F7-4C29-A926-4A4CDEB9E5F6}.Release|x64.ActiveCfg = Release|Any CPU
		{A85D00E3-D4F7-4C29-A926-4A4CDEB9E5F6}.Release|x64.Build.0 = Release|Any CPU
		{A85D00E3-D4F7-4C29-A926-4A4CDEB9E5F6}.Release|x86.ActiveCfg = Release|Any CPU
		{A85D00E3-D4F7-4C29-A926-4A4CDEB9E5F6}.Release|x86.Build.0 = Release|Any CPU
		{F2B3BA70-60A5-4C31-8811-C8A403C71836}.Debug|Any CPU.ActiveCfg = Debug|Any CPU
		{F2B3BA70-60A5-4C31-8811-C8A403C71836}.Debug|Any CPU.Build.0 = Debug|Any CPU
		{F2B3BA70-60A5-4C31-8811-C8A403C71836}.Debug|x64.ActiveCfg = Debug|Any CPU
		{F2B3BA70-60A5-4C31-8811-C8A403C71836}.Debug|x64.Build.0 = Debug|Any CPU
		{F2B3BA70-60A5-4C31-8811-C8A403C71836}.Debug|x86.ActiveCfg = Debug|Any CPU
		{F2B3BA70-60A5-4C31-8811-C8A403C71836}.Debug|x86.Build.0 = Debug|Any CPU
		{F2B3BA70-60A5-4C31-8811-C8A403C71836}.Release|Any CPU.ActiveCfg = Release|Any CPU
		{F2B3BA70-60A5-4C31-8811-C8A403C71836}.Release|Any CPU.Build.0 = Release|Any CPU
		{F2B3BA70-60A5-4C31-8811-C8A403C71836}.Release|x64.ActiveCfg = Release|Any CPU
		{F2B3BA70-60A5-4C31-8811-C8A403C71836}.Release|x64.Build.0 = Release|Any CPU
		{F2B3BA70-60A5-4C31-8811-C8A403C71836}.Release|x86.ActiveCfg = Release|Any CPU
		{F2B3BA70-60A5-4C31-8811-C8A403C71836}.Release|x86.Build.0 = Release|Any CPU
		{804BAC32-C79E-44BC-A88D-396B77225E99}.Debug|Any CPU.ActiveCfg = Debug|Any CPU
		{804BAC32-C79E-44BC-A88D-396B77225E99}.Debug|Any CPU.Build.0 = Debug|Any CPU
		{804BAC32-C79E-44BC-A88D-396B77225E99}.Debug|x64.ActiveCfg = Debug|Any CPU
		{804BAC32-C79E-44BC-A88D-396B77225E99}.Debug|x64.Build.0 = Debug|Any CPU
		{804BAC32-C79E-44BC-A88D-396B77225E99}.Debug|x86.ActiveCfg = Debug|Any CPU
		{804BAC32-C79E-44BC-A88D-396B77225E99}.Debug|x86.Build.0 = Debug|Any CPU
		{804BAC32-C79E-44BC-A88D-396B77225E99}.Release|Any CPU.ActiveCfg = Release|Any CPU
		{804BAC32-C79E-44BC-A88D-396B77225E99}.Release|Any CPU.Build.0 = Release|Any CPU
		{804BAC32-C79E-44BC-A88D-396B77225E99}.Release|x64.ActiveCfg = Release|Any CPU
		{804BAC32-C79E-44BC-A88D-396B77225E99}.Release|x64.Build.0 = Release|Any CPU
		{804BAC32-C79E-44BC-A88D-396B77225E99}.Release|x86.ActiveCfg = Release|Any CPU
		{804BAC32-C79E-44BC-A88D-396B77225E99}.Release|x86.Build.0 = Release|Any CPU
	EndGlobalSection
	GlobalSection(NestedProjects) = preSolution
		{A85D00E3-D4F7-4C29-A926-4A4CDEB9E5F6} = {7C314080-E9E2-43AE-A8D2-40A2921B1197}
		{F2B3BA70-60A5-4C31-8811-C8A403C71836} = {7C314080-E9E2-43AE-A8D2-40A2921B1197}
		{804BAC32-C79E-44BC-A88D-396B77225E99} = {7C314080-E9E2-43AE-A8D2-40A2921B1197}
	EndGlobalSection
EndGlobal
