
Microsoft Visual Studio Solution File, Format Version 12.00
# Visual Studio 15
VisualStudioVersion = 15.0.26124.0
MinimumVisualStudioVersion = 15.0.26124.0
Project("{2150E333-8FDC-42A3-9474-1A3956D46DE8}") = "src", "src", "{5C2F3F6D-1099-465D-B549-0028DEE8C192}"
EndProject
Project("{FAE04EC0-301F-11D3-BF4B-00C04F79EFBC}") = "RestComAspNetCore", "src\RestComAspNetCore\RestComAspNetCore.csproj", "{C336440B-A389-435B-9576-6508F9D0A8F6}"
EndProject
Global
	GlobalSection(SolutionConfigurationPlatforms) = preSolution
		Debug|Any CPU = Debug|Any CPU
		Debug|x64 = Debug|x64
		Debug|x86 = Debug|x86
		Release|Any CPU = Release|Any CPU
		Release|x64 = Release|x64
		Release|x86 = Release|x86
	EndGlobalSection
	GlobalSection(SolutionProperties) = preSolution
		HideSolutionNode = FALSE
	EndGlobalSection
	GlobalSection(ProjectConfigurationPlatforms) = postSolution
		{C336440B-A389-435B-9576-6508F9D0A8F6}.Debug|Any CPU.ActiveCfg = Debug|Any CPU
		{C336440B-A389-435B-9576-6508F9D0A8F6}.Debug|Any CPU.Build.0 = Debug|Any CPU
		{C336440B-A389-435B-9576-6508F9D0A8F6}.Debug|x64.ActiveCfg = Debug|Any CPU
		{C336440B-A389-435B-9576-6508F9D0A8F6}.Debug|x64.Build.0 = Debug|Any CPU
		{C336440B-A389-435B-9576-6508F9D0A8F6}.Debug|x86.ActiveCfg = Debug|Any CPU
		{C336440B-A389-435B-9576-6508F9D0A8F6}.Debug|x86.Build.0 = Debug|Any CPU
		{C336440B-A389-435B-9576-6508F9D0A8F6}.Release|Any CPU.ActiveCfg = Release|Any CPU
		{C336440B-A389-435B-9576-6508F9D0A8F6}.Release|Any CPU.Build.0 = Release|Any CPU
		{C336440B-A389-435B-9576-6508F9D0A8F6}.Release|x64.ActiveCfg = Release|Any CPU
		{C336440B-A389-435B-9576-6508F9D0A8F6}.Release|x64.Build.0 = Release|Any CPU
		{C336440B-A389-435B-9576-6508F9D0A8F6}.Release|x86.ActiveCfg = Release|Any CPU
		{C336440B-A389-435B-9576-6508F9D0A8F6}.Release|x86.Build.0 = Release|Any CPU
	EndGlobalSection
	GlobalSection(NestedProjects) = preSolution
		{C336440B-A389-435B-9576-6508F9D0A8F6} = {5C2F3F6D-1099-465D-B549-0028DEE8C192}
	EndGlobalSection
EndGlobal
